// !$*UTF8*$!
{
	archiveVersion = 1;
	classes = {
	};
	objectVersion = 56;
	objects = {

/* Begin PBXBuildFile section */
		525F301F2BA82B3A0014EF7D /* Assets.xcassets in Resources */ = {isa = PBXBuildFile; fileRef = 527D3F7C2B330409004AD228 /* Assets.xcassets */; };
		526D44B52B35B67F00ACDD49 /* grid.swift in Sources */ = {isa = PBXBuildFile; fileRef = 526D44B42B35B67F00ACDD49 /* grid.swift */; };
		527D3F792B330405004AD228 /* dduiApp.swift in Sources */ = {isa = PBXBuildFile; fileRef = 527D3F782B330405004AD228 /* dduiApp.swift */; };
		527D3F7B2B330405004AD228 /* ContentView.swift in Sources */ = {isa = PBXBuildFile; fileRef = 527D3F7A2B330405004AD228 /* ContentView.swift */; };
		527D3F7D2B330409004AD228 /* Assets.xcassets in Resources */ = {isa = PBXBuildFile; fileRef = 527D3F7C2B330409004AD228 /* Assets.xcassets */; };
		527D3F802B330409004AD228 /* Preview Assets.xcassets in Resources */ = {isa = PBXBuildFile; fileRef = 527D3F7F2B330409004AD228 /* Preview Assets.xcassets */; };
		527D3F8A2B330409004AD228 /* dduiTests.swift in Sources */ = {isa = PBXBuildFile; fileRef = 527D3F892B330409004AD228 /* dduiTests.swift */; };
		527D3F942B33040A004AD228 /* dduiUITests.swift in Sources */ = {isa = PBXBuildFile; fileRef = 527D3F932B33040A004AD228 /* dduiUITests.swift */; };
		527D3F962B33040A004AD228 /* dduiUITestsLaunchTests.swift in Sources */ = {isa = PBXBuildFile; fileRef = 527D3F952B33040A004AD228 /* dduiUITestsLaunchTests.swift */; };
		52CDA8BC2B5C608B00CD386D /* Mapbox.swift in Sources */ = {isa = PBXBuildFile; fileRef = 52CDA8BB2B5C608B00CD386D /* Mapbox.swift */; };
		52ED13A22B5829E9008E4A78 /* WidgetKit.framework in Frameworks */ = {isa = PBXBuildFile; fileRef = 52ED13A12B5829E9008E4A78 /* WidgetKit.framework */; };
		52ED13A42B5829E9008E4A78 /* SwiftUI.framework in Frameworks */ = {isa = PBXBuildFile; fileRef = 52ED13A32B5829E9008E4A78 /* SwiftUI.framework */; };
		52ED13A72B5829E9008E4A78 /* WidgetsBundle.swift in Sources */ = {isa = PBXBuildFile; fileRef = 52ED13A62B5829E9008E4A78 /* WidgetsBundle.swift */; };
		52ED13A92B5829E9008E4A78 /* WidgetsLiveActivity.swift in Sources */ = {isa = PBXBuildFile; fileRef = 52ED13A82B5829E9008E4A78 /* WidgetsLiveActivity.swift */; };
		52ED13AB2B5829E9008E4A78 /* Widgets.swift in Sources */ = {isa = PBXBuildFile; fileRef = 52ED13AA2B5829E9008E4A78 /* Widgets.swift */; };
		52ED13AE2B5829EE008E4A78 /* Assets.xcassets in Resources */ = {isa = PBXBuildFile; fileRef = 52ED13AD2B5829EE008E4A78 /* Assets.xcassets */; };
		52ED13B02B5829EE008E4A78 /* Widgets.intentdefinition in Sources */ = {isa = PBXBuildFile; fileRef = 52ED13AC2B5829E9008E4A78 /* Widgets.intentdefinition */; };
		52ED13B12B5829EE008E4A78 /* Widgets.intentdefinition in Sources */ = {isa = PBXBuildFile; fileRef = 52ED13AC2B5829E9008E4A78 /* Widgets.intentdefinition */; };
		52ED13B42B5829EE008E4A78 /* WidgetsExtension.appex in Embed Foundation Extensions */ = {isa = PBXBuildFile; fileRef = 52ED139F2B5829E9008E4A78 /* WidgetsExtension.appex */; settings = {ATTRIBUTES = (RemoveHeadersOnCopy, ); }; };
		52ED13BA2B582BF8008E4A78 /* map.swift in Sources */ = {isa = PBXBuildFile; fileRef = 52ED13B92B582BF8008E4A78 /* map.swift */; };
		52FF0A5F2B5C627D00D2B3E4 /* MapboxMaps in Frameworks */ = {isa = PBXBuildFile; productRef = 52FF0A5E2B5C627D00D2B3E4 /* MapboxMaps */; };
		52FF0A832B64527C00D2B3E4 /* WidgetMedium.swift in Sources */ = {isa = PBXBuildFile; fileRef = 52FF0A822B64527C00D2B3E4 /* WidgetMedium.swift */; };
		52FF0A842B64527C00D2B3E4 /* WidgetMedium.swift in Sources */ = {isa = PBXBuildFile; fileRef = 52FF0A822B64527C00D2B3E4 /* WidgetMedium.swift */; };
		52FF0A862B64573100D2B3E4 /* WidgetLarge.swift in Sources */ = {isa = PBXBuildFile; fileRef = 52FF0A852B64573100D2B3E4 /* WidgetLarge.swift */; };
		52FF0A872B64573100D2B3E4 /* WidgetLarge.swift in Sources */ = {isa = PBXBuildFile; fileRef = 52FF0A852B64573100D2B3E4 /* WidgetLarge.swift */; };
/* End PBXBuildFile section */

/* Begin PBXContainerItemProxy section */
		527D3F862B330409004AD228 /* PBXContainerItemProxy */ = {
			isa = PBXContainerItemProxy;
			containerPortal = 527D3F6D2B330404004AD228 /* Project object */;
			proxyType = 1;
			remoteGlobalIDString = 527D3F742B330405004AD228;
			remoteInfo = ddui;
		};
		527D3F902B33040A004AD228 /* PBXContainerItemProxy */ = {
			isa = PBXContainerItemProxy;
			containerPortal = 527D3F6D2B330404004AD228 /* Project object */;
			proxyType = 1;
			remoteGlobalIDString = 527D3F742B330405004AD228;
			remoteInfo = ddui;
		};
		52ED13B22B5829EE008E4A78 /* PBXContainerItemProxy */ = {
			isa = PBXContainerItemProxy;
			containerPortal = 527D3F6D2B330404004AD228 /* Project object */;
			proxyType = 1;
			remoteGlobalIDString = 52ED139E2B5829E9008E4A78;
			remoteInfo = WidgetsExtension;
		};
/* End PBXContainerItemProxy section */

/* Begin PBXCopyFilesBuildPhase section */
		52ED13B52B5829EE008E4A78 /* Embed Foundation Extensions */ = {
			isa = PBXCopyFilesBuildPhase;
			buildActionMask = 2147483647;
			dstPath = "";
			dstSubfolderSpec = 13;
			files = (
				52ED13B42B5829EE008E4A78 /* WidgetsExtension.appex in Embed Foundation Extensions */,
			);
			name = "Embed Foundation Extensions";
			runOnlyForDeploymentPostprocessing = 0;
		};
/* End PBXCopyFilesBuildPhase section */

/* Begin PBXFileReference section */
		526D44B42B35B67F00ACDD49 /* grid.swift */ = {isa = PBXFileReference; lastKnownFileType = sourcecode.swift; path = grid.swift; sourceTree = "<group>"; };
		527D3F752B330405004AD228 /* ddui.app */ = {isa = PBXFileReference; explicitFileType = wrapper.application; includeInIndex = 0; path = ddui.app; sourceTree = BUILT_PRODUCTS_DIR; };
		527D3F782B330405004AD228 /* dduiApp.swift */ = {isa = PBXFileReference; lastKnownFileType = sourcecode.swift; path = dduiApp.swift; sourceTree = "<group>"; };
		527D3F7A2B330405004AD228 /* ContentView.swift */ = {isa = PBXFileReference; lastKnownFileType = sourcecode.swift; path = ContentView.swift; sourceTree = "<group>"; };
		527D3F7C2B330409004AD228 /* Assets.xcassets */ = {isa = PBXFileReference; lastKnownFileType = folder.assetcatalog; path = Assets.xcassets; sourceTree = "<group>"; };
		527D3F7F2B330409004AD228 /* Preview Assets.xcassets */ = {isa = PBXFileReference; lastKnownFileType = folder.assetcatalog; path = "Preview Assets.xcassets"; sourceTree = "<group>"; };
		527D3F852B330409004AD228 /* dduiTests.xctest */ = {isa = PBXFileReference; explicitFileType = wrapper.cfbundle; includeInIndex = 0; path = dduiTests.xctest; sourceTree = BUILT_PRODUCTS_DIR; };
		527D3F892B330409004AD228 /* dduiTests.swift */ = {isa = PBXFileReference; lastKnownFileType = sourcecode.swift; path = dduiTests.swift; sourceTree = "<group>"; };
		527D3F8F2B33040A004AD228 /* dduiUITests.xctest */ = {isa = PBXFileReference; explicitFileType = wrapper.cfbundle; includeInIndex = 0; path = dduiUITests.xctest; sourceTree = BUILT_PRODUCTS_DIR; };
		527D3F932B33040A004AD228 /* dduiUITests.swift */ = {isa = PBXFileReference; lastKnownFileType = sourcecode.swift; path = dduiUITests.swift; sourceTree = "<group>"; };
		527D3F952B33040A004AD228 /* dduiUITestsLaunchTests.swift */ = {isa = PBXFileReference; lastKnownFileType = sourcecode.swift; path = dduiUITestsLaunchTests.swift; sourceTree = "<group>"; };
		52CDA8BB2B5C608B00CD386D /* Mapbox.swift */ = {isa = PBXFileReference; lastKnownFileType = sourcecode.swift; path = Mapbox.swift; sourceTree = "<group>"; };
		52ED139F2B5829E9008E4A78 /* WidgetsExtension.appex */ = {isa = PBXFileReference; explicitFileType = "wrapper.app-extension"; includeInIndex = 0; path = WidgetsExtension.appex; sourceTree = BUILT_PRODUCTS_DIR; };
		52ED13A12B5829E9008E4A78 /* WidgetKit.framework */ = {isa = PBXFileReference; lastKnownFileType = wrapper.framework; name = WidgetKit.framework; path = System/Library/Frameworks/WidgetKit.framework; sourceTree = SDKROOT; };
		52ED13A32B5829E9008E4A78 /* SwiftUI.framework */ = {isa = PBXFileReference; lastKnownFileType = wrapper.framework; name = SwiftUI.framework; path = System/Library/Frameworks/SwiftUI.framework; sourceTree = SDKROOT; };
		52ED13A62B5829E9008E4A78 /* WidgetsBundle.swift */ = {isa = PBXFileReference; lastKnownFileType = sourcecode.swift; path = WidgetsBundle.swift; sourceTree = "<group>"; };
		52ED13A82B5829E9008E4A78 /* WidgetsLiveActivity.swift */ = {isa = PBXFileReference; lastKnownFileType = sourcecode.swift; path = WidgetsLiveActivity.swift; sourceTree = "<group>"; };
		52ED13AA2B5829E9008E4A78 /* Widgets.swift */ = {isa = PBXFileReference; lastKnownFileType = sourcecode.swift; path = Widgets.swift; sourceTree = "<group>"; };
		52ED13AC2B5829E9008E4A78 /* Widgets.intentdefinition */ = {isa = PBXFileReference; lastKnownFileType = file.intentdefinition; path = Widgets.intentdefinition; sourceTree = "<group>"; };
		52ED13AD2B5829EE008E4A78 /* Assets.xcassets */ = {isa = PBXFileReference; lastKnownFileType = folder.assetcatalog; path = Assets.xcassets; sourceTree = "<group>"; };
		52ED13AF2B5829EE008E4A78 /* Info.plist */ = {isa = PBXFileReference; lastKnownFileType = text.plist.xml; path = Info.plist; sourceTree = "<group>"; };
		52ED13B92B582BF8008E4A78 /* map.swift */ = {isa = PBXFileReference; lastKnownFileType = sourcecode.swift; path = map.swift; sourceTree = "<group>"; };
		52ED13BB2B582D8A008E4A78 /* Info.plist */ = {isa = PBXFileReference; lastKnownFileType = text.plist; path = Info.plist; sourceTree = "<group>"; };
		52FF0A822B64527C00D2B3E4 /* WidgetMedium.swift */ = {isa = PBXFileReference; lastKnownFileType = sourcecode.swift; path = WidgetMedium.swift; sourceTree = "<group>"; };
		52FF0A852B64573100D2B3E4 /* WidgetLarge.swift */ = {isa = PBXFileReference; lastKnownFileType = sourcecode.swift; path = WidgetLarge.swift; sourceTree = "<group>"; };
/* End PBXFileReference section */

/* Begin PBXFrameworksBuildPhase section */
		527D3F722B330405004AD228 /* Frameworks */ = {
			isa = PBXFrameworksBuildPhase;
			buildActionMask = 2147483647;
			files = (
				52FF0A5F2B5C627D00D2B3E4 /* MapboxMaps in Frameworks */,
			);
			runOnlyForDeploymentPostprocessing = 0;
		};
		527D3F822B330409004AD228 /* Frameworks */ = {
			isa = PBXFrameworksBuildPhase;
			buildActionMask = 2147483647;
			files = (
			);
			runOnlyForDeploymentPostprocessing = 0;
		};
		527D3F8C2B33040A004AD228 /* Frameworks */ = {
			isa = PBXFrameworksBuildPhase;
			buildActionMask = 2147483647;
			files = (
			);
			runOnlyForDeploymentPostprocessing = 0;
		};
		52ED139C2B5829E9008E4A78 /* Frameworks */ = {
			isa = PBXFrameworksBuildPhase;
			buildActionMask = 2147483647;
			files = (
				52ED13A42B5829E9008E4A78 /* SwiftUI.framework in Frameworks */,
				52ED13A22B5829E9008E4A78 /* WidgetKit.framework in Frameworks */,
			);
			runOnlyForDeploymentPostprocessing = 0;
		};
/* End PBXFrameworksBuildPhase section */

/* Begin PBXGroup section */
		527D3F6C2B330404004AD228 = {
			isa = PBXGroup;
			children = (
				527D3F772B330405004AD228 /* ddui */,
				527D3F882B330409004AD228 /* dduiTests */,
				527D3F922B33040A004AD228 /* dduiUITests */,
				52ED13A52B5829E9008E4A78 /* Widgets */,
				52ED13A02B5829E9008E4A78 /* Frameworks */,
				527D3F762B330405004AD228 /* Products */,
			);
			sourceTree = "<group>";
		};
		527D3F762B330405004AD228 /* Products */ = {
			isa = PBXGroup;
			children = (
				527D3F752B330405004AD228 /* ddui.app */,
				527D3F852B330409004AD228 /* dduiTests.xctest */,
				527D3F8F2B33040A004AD228 /* dduiUITests.xctest */,
				52ED139F2B5829E9008E4A78 /* WidgetsExtension.appex */,
			);
			name = Products;
			sourceTree = "<group>";
		};
		527D3F772B330405004AD228 /* ddui */ = {
			isa = PBXGroup;
			children = (
				52ED13BB2B582D8A008E4A78 /* Info.plist */,
				527D3F782B330405004AD228 /* dduiApp.swift */,
				527D3F7A2B330405004AD228 /* ContentView.swift */,
				527D3F7C2B330409004AD228 /* Assets.xcassets */,
				527D3F7E2B330409004AD228 /* Preview Content */,
				526D44B42B35B67F00ACDD49 /* grid.swift */,
				52ED13B92B582BF8008E4A78 /* map.swift */,
				52CDA8BB2B5C608B00CD386D /* Mapbox.swift */,
			);
			path = ddui;
			sourceTree = "<group>";
		};
		527D3F7E2B330409004AD228 /* Preview Content */ = {
			isa = PBXGroup;
			children = (
				527D3F7F2B330409004AD228 /* Preview Assets.xcassets */,
			);
			path = "Preview Content";
			sourceTree = "<group>";
		};
		527D3F882B330409004AD228 /* dduiTests */ = {
			isa = PBXGroup;
			children = (
				527D3F892B330409004AD228 /* dduiTests.swift */,
			);
			path = dduiTests;
			sourceTree = "<group>";
		};
		527D3F922B33040A004AD228 /* dduiUITests */ = {
			isa = PBXGroup;
			children = (
				527D3F932B33040A004AD228 /* dduiUITests.swift */,
				527D3F952B33040A004AD228 /* dduiUITestsLaunchTests.swift */,
			);
			path = dduiUITests;
			sourceTree = "<group>";
		};
		52ED13A02B5829E9008E4A78 /* Frameworks */ = {
			isa = PBXGroup;
			children = (
				52ED13A12B5829E9008E4A78 /* WidgetKit.framework */,
				52ED13A32B5829E9008E4A78 /* SwiftUI.framework */,
			);
			name = Frameworks;
			sourceTree = "<group>";
		};
		52ED13A52B5829E9008E4A78 /* Widgets */ = {
			isa = PBXGroup;
			children = (
				52ED13A62B5829E9008E4A78 /* WidgetsBundle.swift */,
				52ED13A82B5829E9008E4A78 /* WidgetsLiveActivity.swift */,
				52ED13AA2B5829E9008E4A78 /* Widgets.swift */,
				52ED13AC2B5829E9008E4A78 /* Widgets.intentdefinition */,
				52ED13AD2B5829EE008E4A78 /* Assets.xcassets */,
				52ED13AF2B5829EE008E4A78 /* Info.plist */,
				52FF0A822B64527C00D2B3E4 /* WidgetMedium.swift */,
				52FF0A852B64573100D2B3E4 /* WidgetLarge.swift */,
			);
			path = Widgets;
			sourceTree = "<group>";
		};
/* End PBXGroup section */

/* Begin PBXNativeTarget section */
		527D3F742B330405004AD228 /* ddui */ = {
			isa = PBXNativeTarget;
			buildConfigurationList = 527D3F992B33040A004AD228 /* Build configuration list for PBXNativeTarget "ddui" */;
			buildPhases = (
				527D3F712B330405004AD228 /* Sources */,
				527D3F722B330405004AD228 /* Frameworks */,
				527D3F732B330405004AD228 /* Resources */,
				52ED13B52B5829EE008E4A78 /* Embed Foundation Extensions */,
			);
			buildRules = (
			);
			dependencies = (
				52ED13B32B5829EE008E4A78 /* PBXTargetDependency */,
			);
			name = ddui;
			packageProductDependencies = (
				52FF0A5E2B5C627D00D2B3E4 /* MapboxMaps */,
			);
			productName = ddui;
			productReference = 527D3F752B330405004AD228 /* ddui.app */;
			productType = "com.apple.product-type.application";
		};
		527D3F842B330409004AD228 /* dduiTests */ = {
			isa = PBXNativeTarget;
			buildConfigurationList = 527D3F9C2B33040A004AD228 /* Build configuration list for PBXNativeTarget "dduiTests" */;
			buildPhases = (
				527D3F812B330409004AD228 /* Sources */,
				527D3F822B330409004AD228 /* Frameworks */,
				527D3F832B330409004AD228 /* Resources */,
			);
			buildRules = (
			);
			dependencies = (
				527D3F872B330409004AD228 /* PBXTargetDependency */,
			);
			name = dduiTests;
			productName = dduiTests;
			productReference = 527D3F852B330409004AD228 /* dduiTests.xctest */;
			productType = "com.apple.product-type.bundle.unit-test";
		};
		527D3F8E2B33040A004AD228 /* dduiUITests */ = {
			isa = PBXNativeTarget;
			buildConfigurationList = 527D3F9F2B33040A004AD228 /* Build configuration list for PBXNativeTarget "dduiUITests" */;
			buildPhases = (
				527D3F8B2B33040A004AD228 /* Sources */,
				527D3F8C2B33040A004AD228 /* Frameworks */,
				527D3F8D2B33040A004AD228 /* Resources */,
			);
			buildRules = (
			);
			dependencies = (
				527D3F912B33040A004AD228 /* PBXTargetDependency */,
			);
			name = dduiUITests;
			productName = dduiUITests;
			productReference = 527D3F8F2B33040A004AD228 /* dduiUITests.xctest */;
			productType = "com.apple.product-type.bundle.ui-testing";
		};
		52ED139E2B5829E9008E4A78 /* WidgetsExtension */ = {
			isa = PBXNativeTarget;
			buildConfigurationList = 52ED13B82B5829EE008E4A78 /* Build configuration list for PBXNativeTarget "WidgetsExtension" */;
			buildPhases = (
				52ED139B2B5829E9008E4A78 /* Sources */,
				52ED139C2B5829E9008E4A78 /* Frameworks */,
				52ED139D2B5829E9008E4A78 /* Resources */,
			);
			buildRules = (
			);
			dependencies = (
			);
			name = WidgetsExtension;
			productName = WidgetsExtension;
			productReference = 52ED139F2B5829E9008E4A78 /* WidgetsExtension.appex */;
			productType = "com.apple.product-type.app-extension";
		};
/* End PBXNativeTarget section */

/* Begin PBXProject section */
		527D3F6D2B330404004AD228 /* Project object */ = {
			isa = PBXProject;
			attributes = {
				BuildIndependentTargetsInParallel = 1;
				LastSwiftUpdateCheck = 1430;
				LastUpgradeCheck = 1430;
				TargetAttributes = {
					527D3F742B330405004AD228 = {
						CreatedOnToolsVersion = 14.3.1;
					};
					527D3F842B330409004AD228 = {
						CreatedOnToolsVersion = 14.3.1;
						TestTargetID = 527D3F742B330405004AD228;
					};
					527D3F8E2B33040A004AD228 = {
						CreatedOnToolsVersion = 14.3.1;
						TestTargetID = 527D3F742B330405004AD228;
					};
					52ED139E2B5829E9008E4A78 = {
						CreatedOnToolsVersion = 14.3.1;
					};
				};
			};
			buildConfigurationList = 527D3F702B330404004AD228 /* Build configuration list for PBXProject "ddui" */;
			compatibilityVersion = "Xcode 14.0";
			developmentRegion = en;
			hasScannedForEncodings = 0;
			knownRegions = (
				en,
				Base,
			);
			mainGroup = 527D3F6C2B330404004AD228;
			packageReferences = (
				52FF0A5D2B5C627D00D2B3E4 /* XCRemoteSwiftPackageReference "mapbox-maps-ios" */,
			);
			productRefGroup = 527D3F762B330405004AD228 /* Products */;
			projectDirPath = "";
			projectRoot = "";
			targets = (
				527D3F742B330405004AD228 /* ddui */,
				527D3F842B330409004AD228 /* dduiTests */,
				527D3F8E2B33040A004AD228 /* dduiUITests */,
				52ED139E2B5829E9008E4A78 /* WidgetsExtension */,
			);
		};
/* End PBXProject section */

/* Begin PBXResourcesBuildPhase section */
		527D3F732B330405004AD228 /* Resources */ = {
			isa = PBXResourcesBuildPhase;
			buildActionMask = 2147483647;
			files = (
				527D3F802B330409004AD228 /* Preview Assets.xcassets in Resources */,
				527D3F7D2B330409004AD228 /* Assets.xcassets in Resources */,
			);
			runOnlyForDeploymentPostprocessing = 0;
		};
		527D3F832B330409004AD228 /* Resources */ = {
			isa = PBXResourcesBuildPhase;
			buildActionMask = 2147483647;
			files = (
			);
			runOnlyForDeploymentPostprocessing = 0;
		};
		527D3F8D2B33040A004AD228 /* Resources */ = {
			isa = PBXResourcesBuildPhase;
			buildActionMask = 2147483647;
			files = (
			);
			runOnlyForDeploymentPostprocessing = 0;
		};
		52ED139D2B5829E9008E4A78 /* Resources */ = {
			isa = PBXResourcesBuildPhase;
			buildActionMask = 2147483647;
			files = (
				525F301F2BA82B3A0014EF7D /* Assets.xcassets in Resources */,
				52ED13AE2B5829EE008E4A78 /* Assets.xcassets in Resources */,
			);
			runOnlyForDeploymentPostprocessing = 0;
		};
/* End PBXResourcesBuildPhase section */

/* Begin PBXSourcesBuildPhase section */
		527D3F712B330405004AD228 /* Sources */ = {
			isa = PBXSourcesBuildPhase;
			buildActionMask = 2147483647;
			files = (
				52FF0A832B64527C00D2B3E4 /* WidgetMedium.swift in Sources */,
				52ED13B12B5829EE008E4A78 /* Widgets.intentdefinition in Sources */,
				527D3F7B2B330405004AD228 /* ContentView.swift in Sources */,
				52FF0A862B64573100D2B3E4 /* WidgetLarge.swift in Sources */,
				527D3F792B330405004AD228 /* dduiApp.swift in Sources */,
				52ED13BA2B582BF8008E4A78 /* map.swift in Sources */,
				52CDA8BC2B5C608B00CD386D /* Mapbox.swift in Sources */,
				526D44B52B35B67F00ACDD49 /* grid.swift in Sources */,
			);
			runOnlyForDeploymentPostprocessing = 0;
		};
		527D3F812B330409004AD228 /* Sources */ = {
			isa = PBXSourcesBuildPhase;
			buildActionMask = 2147483647;
			files = (
				527D3F8A2B330409004AD228 /* dduiTests.swift in Sources */,
			);
			runOnlyForDeploymentPostprocessing = 0;
		};
		527D3F8B2B33040A004AD228 /* Sources */ = {
			isa = PBXSourcesBuildPhase;
			buildActionMask = 2147483647;
			files = (
				527D3F962B33040A004AD228 /* dduiUITestsLaunchTests.swift in Sources */,
				527D3F942B33040A004AD228 /* dduiUITests.swift in Sources */,
			);
			runOnlyForDeploymentPostprocessing = 0;
		};
		52ED139B2B5829E9008E4A78 /* Sources */ = {
			isa = PBXSourcesBuildPhase;
			buildActionMask = 2147483647;
			files = (
				52ED13B02B5829EE008E4A78 /* Widgets.intentdefinition in Sources */,
				52FF0A872B64573100D2B3E4 /* WidgetLarge.swift in Sources */,
				52ED13A92B5829E9008E4A78 /* WidgetsLiveActivity.swift in Sources */,
				52ED13AB2B5829E9008E4A78 /* Widgets.swift in Sources */,
				52ED13A72B5829E9008E4A78 /* WidgetsBundle.swift in Sources */,
				52FF0A842B64527C00D2B3E4 /* WidgetMedium.swift in Sources */,
			);
			runOnlyForDeploymentPostprocessing = 0;
		};
/* End PBXSourcesBuildPhase section */

/* Begin PBXTargetDependency section */
		527D3F872B330409004AD228 /* PBXTargetDependency */ = {
			isa = PBXTargetDependency;
			target = 527D3F742B330405004AD228 /* ddui */;
			targetProxy = 527D3F862B330409004AD228 /* PBXContainerItemProxy */;
		};
		527D3F912B33040A004AD228 /* PBXTargetDependency */ = {
			isa = PBXTargetDependency;
			target = 527D3F742B330405004AD228 /* ddui */;
			targetProxy = 527D3F902B33040A004AD228 /* PBXContainerItemProxy */;
		};
		52ED13B32B5829EE008E4A78 /* PBXTargetDependency */ = {
			isa = PBXTargetDependency;
			target = 52ED139E2B5829E9008E4A78 /* WidgetsExtension */;
			targetProxy = 52ED13B22B5829EE008E4A78 /* PBXContainerItemProxy */;
		};
/* End PBXTargetDependency section */

/* Begin XCBuildConfiguration section */
		527D3F972B33040A004AD228 /* Debug */ = {
			isa = XCBuildConfiguration;
			buildSettings = {
				ALWAYS_SEARCH_USER_PATHS = NO;
				CLANG_ANALYZER_NONNULL = YES;
				CLANG_ANALYZER_NUMBER_OBJECT_CONVERSION = YES_AGGRESSIVE;
				CLANG_CXX_LANGUAGE_STANDARD = "gnu++20";
				CLANG_ENABLE_MODULES = YES;
				CLANG_ENABLE_OBJC_ARC = YES;
				CLANG_ENABLE_OBJC_WEAK = YES;
				CLANG_WARN_BLOCK_CAPTURE_AUTORELEASING = YES;
				CLANG_WARN_BOOL_CONVERSION = YES;
				CLANG_WARN_COMMA = YES;
				CLANG_WARN_CONSTANT_CONVERSION = YES;
				CLANG_WARN_DEPRECATED_OBJC_IMPLEMENTATIONS = YES;
				CLANG_WARN_DIRECT_OBJC_ISA_USAGE = YES_ERROR;
				CLANG_WARN_DOCUMENTATION_COMMENTS = YES;
				CLANG_WARN_EMPTY_BODY = YES;
				CLANG_WARN_ENUM_CONVERSION = YES;
				CLANG_WARN_INFINITE_RECURSION = YES;
				CLANG_WARN_INT_CONVERSION = YES;
				CLANG_WARN_NON_LITERAL_NULL_CONVERSION = YES;
				CLANG_WARN_OBJC_IMPLICIT_RETAIN_SELF = YES;
				CLANG_WARN_OBJC_LITERAL_CONVERSION = YES;
				CLANG_WARN_OBJC_ROOT_CLASS = YES_ERROR;
				CLANG_WARN_QUOTED_INCLUDE_IN_FRAMEWORK_HEADER = YES;
				CLANG_WARN_RANGE_LOOP_ANALYSIS = YES;
				CLANG_WARN_STRICT_PROTOTYPES = YES;
				CLANG_WARN_SUSPICIOUS_MOVE = YES;
				CLANG_WARN_UNGUARDED_AVAILABILITY = YES_AGGRESSIVE;
				CLANG_WARN_UNREACHABLE_CODE = YES;
				CLANG_WARN__DUPLICATE_METHOD_MATCH = YES;
				COPY_PHASE_STRIP = NO;
				DEBUG_INFORMATION_FORMAT = dwarf;
				ENABLE_STRICT_OBJC_MSGSEND = YES;
				ENABLE_TESTABILITY = YES;
				GCC_C_LANGUAGE_STANDARD = gnu11;
				GCC_DYNAMIC_NO_PIC = NO;
				GCC_NO_COMMON_BLOCKS = YES;
				GCC_OPTIMIZATION_LEVEL = 0;
				GCC_PREPROCESSOR_DEFINITIONS = (
					"DEBUG=1",
					"$(inherited)",
				);
				GCC_WARN_64_TO_32_BIT_CONVERSION = YES;
				GCC_WARN_ABOUT_RETURN_TYPE = YES_ERROR;
				GCC_WARN_UNDECLARED_SELECTOR = YES;
				GCC_WARN_UNINITIALIZED_AUTOS = YES_AGGRESSIVE;
				GCC_WARN_UNUSED_FUNCTION = YES;
				GCC_WARN_UNUSED_VARIABLE = YES;
				IPHONEOS_DEPLOYMENT_TARGET = 16.4;
				MTL_ENABLE_DEBUG_INFO = INCLUDE_SOURCE;
				MTL_FAST_MATH = YES;
				ONLY_ACTIVE_ARCH = YES;
				SDKROOT = iphoneos;
				SWIFT_ACTIVE_COMPILATION_CONDITIONS = DEBUG;
				SWIFT_OPTIMIZATION_LEVEL = "-Onone";
			};
			name = Debug;
		};
		527D3F982B33040A004AD228 /* Release */ = {
			isa = XCBuildConfiguration;
			buildSettings = {
				ALWAYS_SEARCH_USER_PATHS = NO;
				CLANG_ANALYZER_NONNULL = YES;
				CLANG_ANALYZER_NUMBER_OBJECT_CONVERSION = YES_AGGRESSIVE;
				CLANG_CXX_LANGUAGE_STANDARD = "gnu++20";
				CLANG_ENABLE_MODULES = YES;
				CLANG_ENABLE_OBJC_ARC = YES;
				CLANG_ENABLE_OBJC_WEAK = YES;
				CLANG_WARN_BLOCK_CAPTURE_AUTORELEASING = YES;
				CLANG_WARN_BOOL_CONVERSION = YES;
				CLANG_WARN_COMMA = YES;
				CLANG_WARN_CONSTANT_CONVERSION = YES;
				CLANG_WARN_DEPRECATED_OBJC_IMPLEMENTATIONS = YES;
				CLANG_WARN_DIRECT_OBJC_ISA_USAGE = YES_ERROR;
				CLANG_WARN_DOCUMENTATION_COMMENTS = YES;
				CLANG_WARN_EMPTY_BODY = YES;
				CLANG_WARN_ENUM_CONVERSION = YES;
				CLANG_WARN_INFINITE_RECURSION = YES;
				CLANG_WARN_INT_CONVERSION = YES;
				CLANG_WARN_NON_LITERAL_NULL_CONVERSION = YES;
				CLANG_WARN_OBJC_IMPLICIT_RETAIN_SELF = YES;
				CLANG_WARN_OBJC_LITERAL_CONVERSION = YES;
				CLANG_WARN_OBJC_ROOT_CLASS = YES_ERROR;
				CLANG_WARN_QUOTED_INCLUDE_IN_FRAMEWORK_HEADER = YES;
				CLANG_WARN_RANGE_LOOP_ANALYSIS = YES;
				CLANG_WARN_STRICT_PROTOTYPES = YES;
				CLANG_WARN_SUSPICIOUS_MOVE = YES;
				CLANG_WARN_UNGUARDED_AVAILABILITY = YES_AGGRESSIVE;
				CLANG_WARN_UNREACHABLE_CODE = YES;
				CLANG_WARN__DUPLICATE_METHOD_MATCH = YES;
				COPY_PHASE_STRIP = NO;
				DEBUG_INFORMATION_FORMAT = "dwarf-with-dsym";
				ENABLE_NS_ASSERTIONS = NO;
				ENABLE_STRICT_OBJC_MSGSEND = YES;
				GCC_C_LANGUAGE_STANDARD = gnu11;
				GCC_NO_COMMON_BLOCKS = YES;
				GCC_WARN_64_TO_32_BIT_CONVERSION = YES;
				GCC_WARN_ABOUT_RETURN_TYPE = YES_ERROR;
				GCC_WARN_UNDECLARED_SELECTOR = YES;
				GCC_WARN_UNINITIALIZED_AUTOS = YES_AGGRESSIVE;
				GCC_WARN_UNUSED_FUNCTION = YES;
				GCC_WARN_UNUSED_VARIABLE = YES;
				IPHONEOS_DEPLOYMENT_TARGET = 16.4;
				MTL_ENABLE_DEBUG_INFO = NO;
				MTL_FAST_MATH = YES;
				SDKROOT = iphoneos;
				SWIFT_COMPILATION_MODE = wholemodule;
				SWIFT_OPTIMIZATION_LEVEL = "-O";
				VALIDATE_PRODUCT = YES;
			};
			name = Release;
		};
		527D3F9A2B33040A004AD228 /* Debug */ = {
			isa = XCBuildConfiguration;
			buildSettings = {
				ALWAYS_EMBED_SWIFT_STANDARD_LIBRARIES = YES;
				ASSETCATALOG_COMPILER_APPICON_NAME = AppIcon;
				ASSETCATALOG_COMPILER_GLOBAL_ACCENT_COLOR_NAME = AccentColor;
				CODE_SIGN_STYLE = Automatic;
				CURRENT_PROJECT_VERSION = 1;
				DEVELOPMENT_ASSET_PATHS = "\"ddui/Preview Content\"";
				DEVELOPMENT_TEAM = 8N2V22UP2C;
				ENABLE_PREVIEWS = YES;
				GENERATE_INFOPLIST_FILE = YES;
				INFOPLIST_FILE = ddui/Info.plist;
				INFOPLIST_KEY_UIApplicationSceneManifest_Generation = YES;
				INFOPLIST_KEY_UIApplicationSupportsIndirectInputEvents = YES;
				INFOPLIST_KEY_UILaunchScreen_Generation = YES;
				INFOPLIST_KEY_UISupportedInterfaceOrientations_iPad = "UIInterfaceOrientationPortrait UIInterfaceOrientationPortraitUpsideDown UIInterfaceOrientationLandscapeLeft UIInterfaceOrientationLandscapeRight";
				INFOPLIST_KEY_UISupportedInterfaceOrientations_iPhone = "UIInterfaceOrientationPortrait UIInterfaceOrientationLandscapeLeft UIInterfaceOrientationLandscapeRight";
				LD_RUNPATH_SEARCH_PATHS = (
					"$(inherited)",
					"@executable_path/Frameworks",
				);
				MARKETING_VERSION = 1.0;
				PRODUCT_BUNDLE_IDENTIFIER = lakshita.ddui;
				PRODUCT_NAME = "$(TARGET_NAME)";
				SWIFT_EMIT_LOC_STRINGS = YES;
				SWIFT_VERSION = 5.0;
				TARGETED_DEVICE_FAMILY = "1,2";
			};
			name = Debug;
		};
		527D3F9B2B33040A004AD228 /* Release */ = {
			isa = XCBuildConfiguration;
			buildSettings = {
				ALWAYS_EMBED_SWIFT_STANDARD_LIBRARIES = YES;
				ASSETCATALOG_COMPILER_APPICON_NAME = AppIcon;
				ASSETCATALOG_COMPILER_GLOBAL_ACCENT_COLOR_NAME = AccentColor;
				CODE_SIGN_STYLE = Automatic;
				CURRENT_PROJECT_VERSION = 1;
				DEVELOPMENT_ASSET_PATHS = "\"ddui/Preview Content\"";
				DEVELOPMENT_TEAM = 8N2V22UP2C;
				ENABLE_PREVIEWS = YES;
				GENERATE_INFOPLIST_FILE = YES;
				INFOPLIST_FILE = ddui/Info.plist;
				INFOPLIST_KEY_UIApplicationSceneManifest_Generation = YES;
				INFOPLIST_KEY_UIApplicationSupportsIndirectInputEvents = YES;
				INFOPLIST_KEY_UILaunchScreen_Generation = YES;
				INFOPLIST_KEY_UISupportedInterfaceOrientations_iPad = "UIInterfaceOrientationPortrait UIInterfaceOrientationPortraitUpsideDown UIInterfaceOrientationLandscapeLeft UIInterfaceOrientationLandscapeRight";
				INFOPLIST_KEY_UISupportedInterfaceOrientations_iPhone = "UIInterfaceOrientationPortrait UIInterfaceOrientationLandscapeLeft UIInterfaceOrientationLandscapeRight";
				LD_RUNPATH_SEARCH_PATHS = (
					"$(inherited)",
					"@executable_path/Frameworks",
				);
				MARKETING_VERSION = 1.0;
				PRODUCT_BUNDLE_IDENTIFIER = lakshita.ddui;
				PRODUCT_NAME = "$(TARGET_NAME)";
				SWIFT_EMIT_LOC_STRINGS = YES;
				SWIFT_VERSION = 5.0;
				TARGETED_DEVICE_FAMILY = "1,2";
			};
			name = Release;
		};
		527D3F9D2B33040A004AD228 /* Debug */ = {
			isa = XCBuildConfiguration;
			buildSettings = {
				ALWAYS_EMBED_SWIFT_STANDARD_LIBRARIES = YES;
				BUNDLE_LOADER = "$(TEST_HOST)";
				CODE_SIGN_STYLE = Automatic;
				CURRENT_PROJECT_VERSION = 1;
				DEVELOPMENT_TEAM = 8N2V22UP2C;
				GENERATE_INFOPLIST_FILE = YES;
				IPHONEOS_DEPLOYMENT_TARGET = 16.4;
				MARKETING_VERSION = 1.0;
				PRODUCT_BUNDLE_IDENTIFIER = lakshita.dduiTests;
				PRODUCT_NAME = "$(TARGET_NAME)";
				SWIFT_EMIT_LOC_STRINGS = NO;
				SWIFT_VERSION = 5.0;
				TARGETED_DEVICE_FAMILY = "1,2";
				TEST_HOST = "$(BUILT_PRODUCTS_DIR)/ddui.app/$(BUNDLE_EXECUTABLE_FOLDER_PATH)/ddui";
			};
			name = Debug;
		};
		527D3F9E2B33040A004AD228 /* Release */ = {
			isa = XCBuildConfiguration;
			buildSettings = {
				ALWAYS_EMBED_SWIFT_STANDARD_LIBRARIES = YES;
				BUNDLE_LOADER = "$(TEST_HOST)";
				CODE_SIGN_STYLE = Automatic;
				CURRENT_PROJECT_VERSION = 1;
				DEVELOPMENT_TEAM = 8N2V22UP2C;
				GENERATE_INFOPLIST_FILE = YES;
				IPHONEOS_DEPLOYMENT_TARGET = 16.4;
				MARKETING_VERSION = 1.0;
				PRODUCT_BUNDLE_IDENTIFIER = lakshita.dduiTests;
				PRODUCT_NAME = "$(TARGET_NAME)";
				SWIFT_EMIT_LOC_STRINGS = NO;
				SWIFT_VERSION = 5.0;
				TARGETED_DEVICE_FAMILY = "1,2";
				TEST_HOST = "$(BUILT_PRODUCTS_DIR)/ddui.app/$(BUNDLE_EXECUTABLE_FOLDER_PATH)/ddui";
			};
			name = Release;
		};
		527D3FA02B33040A004AD228 /* Debug */ = {
			isa = XCBuildConfiguration;
			buildSettings = {
				ALWAYS_EMBED_SWIFT_STANDARD_LIBRARIES = YES;
				CODE_SIGN_STYLE = Automatic;
				CURRENT_PROJECT_VERSION = 1;
				DEVELOPMENT_TEAM = 8N2V22UP2C;
				GENERATE_INFOPLIST_FILE = YES;
				MARKETING_VERSION = 1.0;
				PRODUCT_BUNDLE_IDENTIFIER = lakshita.dduiUITests;
				PRODUCT_NAME = "$(TARGET_NAME)";
				SWIFT_EMIT_LOC_STRINGS = NO;
				SWIFT_VERSION = 5.0;
				TARGETED_DEVICE_FAMILY = "1,2";
				TEST_TARGET_NAME = ddui;
			};
			name = Debug;
		};
		527D3FA12B33040A004AD228 /* Release */ = {
			isa = XCBuildConfiguration;
			buildSettings = {
				ALWAYS_EMBED_SWIFT_STANDARD_LIBRARIES = YES;
				CODE_SIGN_STYLE = Automatic;
				CURRENT_PROJECT_VERSION = 1;
				DEVELOPMENT_TEAM = 8N2V22UP2C;
				GENERATE_INFOPLIST_FILE = YES;
				MARKETING_VERSION = 1.0;
				PRODUCT_BUNDLE_IDENTIFIER = lakshita.dduiUITests;
				PRODUCT_NAME = "$(TARGET_NAME)";
				SWIFT_EMIT_LOC_STRINGS = NO;
				SWIFT_VERSION = 5.0;
				TARGETED_DEVICE_FAMILY = "1,2";
				TEST_TARGET_NAME = ddui;
			};
			name = Release;
		};
		52ED13B62B5829EE008E4A78 /* Debug */ = {
			isa = XCBuildConfiguration;
			buildSettings = {
				ASSETCATALOG_COMPILER_GLOBAL_ACCENT_COLOR_NAME = AccentColor;
				ASSETCATALOG_COMPILER_WIDGET_BACKGROUND_COLOR_NAME = WidgetBackground;
				CODE_SIGN_STYLE = Automatic;
				CURRENT_PROJECT_VERSION = 1;
				DEVELOPMENT_TEAM = 8N2V22UP2C;
				GENERATE_INFOPLIST_FILE = YES;
				INFOPLIST_FILE = Widgets/Info.plist;
				INFOPLIST_KEY_CFBundleDisplayName = Widgets;
				INFOPLIST_KEY_NSHumanReadableCopyright = "";
				LD_RUNPATH_SEARCH_PATHS = (
					"$(inherited)",
					"@executable_path/Frameworks",
					"@executable_path/../../Frameworks",
				);
				MARKETING_VERSION = 1.0;
				PRODUCT_BUNDLE_IDENTIFIER = lakshita.ddui.Widgets;
				PRODUCT_NAME = "$(TARGET_NAME)";
				SKIP_INSTALL = YES;
				SWIFT_EMIT_LOC_STRINGS = YES;
				SWIFT_VERSION = 5.0;
				TARGETED_DEVICE_FAMILY = "1,2";
			};
			name = Debug;
		};
		52ED13B72B5829EE008E4A78 /* Release */ = {
			isa = XCBuildConfiguration;
			buildSettings = {
				ASSETCATALOG_COMPILER_GLOBAL_ACCENT_COLOR_NAME = AccentColor;
				ASSETCATALOG_COMPILER_WIDGET_BACKGROUND_COLOR_NAME = WidgetBackground;
				CODE_SIGN_STYLE = Automatic;
				CURRENT_PROJECT_VERSION = 1;
				DEVELOPMENT_TEAM = 8N2V22UP2C;
				GENERATE_INFOPLIST_FILE = YES;
				INFOPLIST_FILE = Widgets/Info.plist;
				INFOPLIST_KEY_CFBundleDisplayName = Widgets;
				INFOPLIST_KEY_NSHumanReadableCopyright = "";
				LD_RUNPATH_SEARCH_PATHS = (
					"$(inherited)",
					"@executable_path/Frameworks",
					"@executable_path/../../Frameworks",
				);
				MARKETING_VERSION = 1.0;
				PRODUCT_BUNDLE_IDENTIFIER = lakshita.ddui.Widgets;
				PRODUCT_NAME = "$(TARGET_NAME)";
				SKIP_INSTALL = YES;
				SWIFT_EMIT_LOC_STRINGS = YES;
				SWIFT_VERSION = 5.0;
				TARGETED_DEVICE_FAMILY = "1,2";
			};
			name = Release;
		};
/* End XCBuildConfiguration section */

/* Begin XCConfigurationList section */
		527D3F702B330404004AD228 /* Build configuration list for PBXProject "ddui" */ = {
			isa = XCConfigurationList;
			buildConfigurations = (
				527D3F972B33040A004AD228 /* Debug */,
				527D3F982B33040A004AD228 /* Release */,
			);
			defaultConfigurationIsVisible = 0;
			defaultConfigurationName = Release;
		};
		527D3F992B33040A004AD228 /* Build configuration list for PBXNativeTarget "ddui" */ = {
			isa = XCConfigurationList;
			buildConfigurations = (
				527D3F9A2B33040A004AD228 /* Debug */,
				527D3F9B2B33040A004AD228 /* Release */,
			);
			defaultConfigurationIsVisible = 0;
			defaultConfigurationName = Release;
		};
		527D3F9C2B33040A004AD228 /* Build configuration list for PBXNativeTarget "dduiTests" */ = {
			isa = XCConfigurationList;
			buildConfigurations = (
				527D3F9D2B33040A004AD228 /* Debug */,
				527D3F9E2B33040A004AD228 /* Release */,
			);
			defaultConfigurationIsVisible = 0;
			defaultConfigurationName = Release;
		};
		527D3F9F2B33040A004AD228 /* Build configuration list for PBXNativeTarget "dduiUITests" */ = {
			isa = XCConfigurationList;
			buildConfigurations = (
				527D3FA02B33040A004AD228 /* Debug */,
				527D3FA12B33040A004AD228 /* Release */,
			);
			defaultConfigurationIsVisible = 0;
			defaultConfigurationName = Release;
		};
		52ED13B82B5829EE008E4A78 /* Build configuration list for PBXNativeTarget "WidgetsExtension" */ = {
			isa = XCConfigurationList;
			buildConfigurations = (
				52ED13B62B5829EE008E4A78 /* Debug */,
				52ED13B72B5829EE008E4A78 /* Release */,
			);
			defaultConfigurationIsVisible = 0;
			defaultConfigurationName = Release;
		};
/* End XCConfigurationList section */

/* Begin XCRemoteSwiftPackageReference section */
		52FF0A5D2B5C627D00D2B3E4 /* XCRemoteSwiftPackageReference "mapbox-maps-ios" */ = {
			isa = XCRemoteSwiftPackageReference;
			repositoryURL = "https://github.com/mapbox/mapbox-maps-ios.git";
			requirement = {
				kind = upToNextMajorVersion;
				minimumVersion = 11.0.0;
			};
		};
/* End XCRemoteSwiftPackageReference section */

/* Begin XCSwiftPackageProductDependency section */
		52FF0A5E2B5C627D00D2B3E4 /* MapboxMaps */ = {
			isa = XCSwiftPackageProductDependency;
			package = 52FF0A5D2B5C627D00D2B3E4 /* XCRemoteSwiftPackageReference "mapbox-maps-ios" */;
			productName = MapboxMaps;
		};
/* End XCSwiftPackageProductDependency section */
	};
	rootObject = 527D3F6D2B330404004AD228 /* Project object */;
}
